
Microsoft Visual Studio Solution File, Format Version 12.00
# Visual Studio 15
VisualStudioVersion = 15.0.28010.2016
MinimumVisualStudioVersion = 10.0.40219.1
Project("{FAE04EC0-301F-11D3-BF4B-00C04F79EFBC}") = "增删改查", "增删改查\增删改查.csproj", "{2B6E4504-A12A-4F1B-9678-865302635090}"
EndProject
Global
	GlobalSection(SolutionConfigurationPlatforms) = preSolution
		Debug|Any CPU = Debug|Any CPU
		Release|Any CPU = Release|Any CPU
	EndGlobalSection
	GlobalSection(ProjectConfigurationPlatforms) = postSolution
		{2B6E4504-A12A-4F1B-9678-865302635090}.Debug|Any CPU.ActiveCfg = Debug|Any CPU
		{2B6E4504-A12A-4F1B-9678-865302635090}.Debug|Any CPU.Build.0 = Debug|Any CPU
		{2B6E4504-A12A-4F1B-9678-865302635090}.Release|Any CPU.ActiveCfg = Release|Any CPU
		{2B6E4504-A12A-4F1B-9678-865302635090}.Release|Any CPU.Build.0 = Release|Any CPU
	EndGlobalSection
	GlobalSection(SolutionProperties) = preSolution
		HideSolutionNode = FALSE
	EndGlobalSection
	GlobalSection(ExtensibilityGlobals) = postSolution
		SolutionGuid = {F8FF7D4D-4BF7-4F98-BC06-E1419F8E3032}
	EndGlobalSection
EndGlobal
